
Microsoft Visual Studio Solution File, Format Version 12.00
# Visual Studio Version 17
VisualStudioVersion = 17.3.32819.101
MinimumVisualStudioVersion = 10.0.40219.1
Project("{FAE04EC0-301F-11D3-BF4B-00C04F79EFBC}") = "Mars", "Mars.csproj", "{DD1F51E6-C42D-4116-B0F7-0620CD993C49}"
EndProject
Global
	GlobalSection(SolutionConfigurationPlatforms) = preSolution
		Debug|Any CPU = Debug|Any CPU
		Release|Any CPU = Release|Any CPU
	EndGlobalSection
	GlobalSection(ProjectConfigurationPlatforms) = postSolution
		{DD1F51E6-C42D-4116-B0F7-0620CD993C49}.Debug|Any CPU.ActiveCfg = Debug|Any CPU
		{DD1F51E6-C42D-4116-B0F7-0620CD993C49}.Debug|Any CPU.Build.0 = Debug|Any CPU
		{DD1F51E6-C42D-4116-B0F7-0620CD993C49}.Release|Any CPU.ActiveCfg = Release|Any CPU
		{DD1F51E6-C42D-4116-B0F7-0620CD993C49}.Release|Any CPU.Build.0 = Release|Any CPU
	EndGlobalSection
	GlobalSection(SolutionProperties) = preSolution
		HideSolutionNode = FALSE
	EndGlobalSection
	GlobalSection(ExtensibilityGlobals) = postSolution
		SolutionGuid = {2178589D-E356-4912-BE6A-E02AE9A5A41C}
	EndGlobalSection
EndGlobal
